{
    "_readme": [
        "This file locks the dependencies of your project to a known state",
        "Read more about it at https://getcomposer.org/doc/01-basic-usage.md#composer-lock-the-lock-file",
        "This file is @generated automatically"
    ],
    "content-hash": "e90666498534ff2259777ab240ff4a6d",
    "packages": [
        {
            "name": "doctrine/inflector",
            "version": "v1.2.0",
            "source": {
                "type": "git",
                "url": "https://github.com/doctrine/inflector.git",
                "reference": "e11d84c6e018beedd929cff5220969a3c6d1d462"
            },
            "dist": {
                "type": "zip",
                "url": "https://api.github.com/repos/doctrine/inflector/zipball/e11d84c6e018beedd929cff5220969a3c6d1d462",
                "reference": "e11d84c6e018beedd929cff5220969a3c6d1d462",
                "shasum": ""
            },
            "require": {
                "php": "^7.0"
            },
            "require-dev": {
                "phpunit/phpunit": "^6.2"
            },
            "type": "library",
            "extra": {
                "branch-alias": {
                    "dev-master": "1.2.x-dev"
                }
            },
            "autoload": {
                "psr-4": {
                    "Doctrine\\Common\\Inflector\\": "lib/Doctrine/Common/Inflector"
                }
            },
            "notification-url": "https://packagist.org/downloads/",
            "license": [
                "MIT"
            ],
            "authors": [
                {
                    "name": "Roman Borschel",
                    "email": "roman@code-factory.org"
                },
                {
                    "name": "Benjamin Eberlei",
                    "email": "kontakt@beberlei.de"
                },
                {
                    "name": "Guilherme Blanco",
                    "email": "guilhermeblanco@gmail.com"
                },
                {
                    "name": "Jonathan Wage",
                    "email": "jonwage@gmail.com"
                },
                {
                    "name": "Johannes Schmitt",
                    "email": "schmittjoh@gmail.com"
                }
            ],
            "description": "Common String Manipulations with regard to casing and singular/plural rules.",
            "homepage": "http://www.doctrine-project.org",
            "keywords": [
                "inflection",
                "pluralize",
                "singularize",
                "string"
            ],
            "time": "2017-07-22T12:18:28+00:00"
        },
        {
            "name": "google/protobuf",
            "version": "v3.4.1",
            "source": {
                "type": "git",
                "url": "https://github.com/google/protobuf.git",
                "reference": "b04e5cba356212e4e8c66c61bbe0c3a20537c5b9"
            },
            "dist": {
                "type": "zip",
                "url": "https://api.github.com/repos/google/protobuf/zipball/b04e5cba356212e4e8c66c61bbe0c3a20537c5b9",
                "reference": "b04e5cba356212e4e8c66c61bbe0c3a20537c5b9",
                "shasum": ""
            },
            "require": {
                "php": ">=5.5.0"
            },
            "require-dev": {
                "phpunit/phpunit": ">=4.8.0"
            },
            "suggest": {
                "ext-bcmath": "Need to support JSON deserialization"
            },
            "type": "library",
            "autoload": {
                "psr-4": {
                    "Google\\Protobuf\\": "php/src/Google/Protobuf",
                    "GPBMetadata\\Google\\Protobuf\\": "php/src/GPBMetadata/Google/Protobuf"
                }
            },
            "notification-url": "https://packagist.org/downloads/",
            "license": [
                "BSD-3-Clause"
            ],
            "description": "proto library for PHP",
            "homepage": "https://developers.google.com/protocol-buffers/",
            "keywords": [
                "proto"
            ],
            "time": "2017-09-14T19:24:28+00:00"
        },
        {
            "name": "mongodb/mongodb",
            "version": "1.1.2",
            "source": {
                "type": "git",
                "url": "https://github.com/mongodb/mongo-php-library.git",
                "reference": "a307dd60e71e1291c60927ea4f3a1905146063f5"
            },
            "dist": {
                "type": "zip",
                "url": "https://api.github.com/repos/mongodb/mongo-php-library/zipball/a307dd60e71e1291c60927ea4f3a1905146063f5",
                "reference": "a307dd60e71e1291c60927ea4f3a1905146063f5",
                "shasum": ""
            },
            "require": {
                "ext-mongodb": "^1.2.0",
                "php": ">=5.4"
            },
            "require-dev": {
                "phpunit/phpunit": "^4.8"
            },
            "type": "library",
            "autoload": {
                "psr-4": {
                    "MongoDB\\": "src/"
                },
                "files": [
                    "src/functions.php"
                ]
            },
            "notification-url": "https://packagist.org/downloads/",
            "license": [
                "Apache-2.0"
            ],
            "authors": [
                {
                    "name": "Jeremy Mikola",
                    "email": "jmikola@gmail.com"
                },
                {
                    "name": "Hannes Magnusson",
                    "email": "bjori@mongodb.com"
                },
                {
                    "name": "Derick Rethans",
                    "email": "github@derickrethans.nl"
                }
            ],
            "description": "MongoDB driver library",
            "homepage": "https://jira.mongodb.org/browse/PHPLIB",
            "keywords": [
                "database",
                "driver",
                "mongodb",
                "persistence"
            ],
            "time": "2017-02-16T18:40:32+00:00"
        },
        {
            "name": "protobuf-php/google-protobuf-proto",
            "version": "v0.1.3",
            "source": {
                "type": "git",
                "url": "https://github.com/protobuf-php/google-protobuf-proto.git",
                "reference": "da1827b4a23fccd4eb998a8d4bcd972f2330bc29"
            },
            "dist": {
                "type": "zip",
                "url": "https://api.github.com/repos/protobuf-php/google-protobuf-proto/zipball/da1827b4a23fccd4eb998a8d4bcd972f2330bc29",
                "reference": "da1827b4a23fccd4eb998a8d4bcd972f2330bc29",
                "shasum": ""
            },
            "require": {
                "php": ">=5.5.0"
            },
            "require-dev": {
                "protobuf-php/protobuf-plugin": ">=0.1"
            },
            "type": "library",
            "extra": {
                "branch-alias": {
                    "dev-master": "0.1.x-dev"
                }
            },
            "autoload": {
                "psr-0": {
                    "google\\protobuf": "src/"
                }
            },
            "notification-url": "https://packagist.org/downloads/",
            "license": [
                "MIT"
            ],
            "authors": [
                {
                    "name": "Fabio B. Silva",
                    "email": "fabio.bat.silva@gmail.com",
                    "homepage": "https://github.com/FabioBatSilva"
                }
            ],
            "description": "Protocol Buffers classes from Google's Protocol Buffers Compiler",
            "homepage": "https://github.com/protobuf-php/google-protobuf-proto",
            "keywords": [
                "protobuf",
                "protocol buffer",
                "serializing"
            ],
            "time": "2016-08-04T03:14:12+00:00"
        },
        {
            "name": "protobuf-php/protobuf",
            "version": "v0.1.3",
            "source": {
                "type": "git",
                "url": "https://github.com/protobuf-php/protobuf.git",
                "reference": "c0da95f75ea418b39b02ff4528ca9926cc246a8c"
            },
            "dist": {
                "type": "zip",
                "url": "https://api.github.com/repos/protobuf-php/protobuf/zipball/c0da95f75ea418b39b02ff4528ca9926cc246a8c",
                "reference": "c0da95f75ea418b39b02ff4528ca9926cc246a8c",
                "shasum": ""
            },
            "require": {
                "ext-mbstring": "*",
                "php": ">=5.5.0"
            },
            "require-dev": {
                "instaclick/coding-standard": "^1.1",
                "instaclick/object-calisthenics-sniffs": "dev-master",
                "instaclick/symfony2-coding-standard": "dev-remaster",
                "php-mock/php-mock-phpunit": "^0.2",
                "phpunit/phpunit": "^4",
                "protobuf-php/protobuf-plugin": ">=0.1",
                "satooshi/php-coveralls": "^0.6",
                "squizlabs/php_codesniffer": "^1.5"
            },
            "type": "library",
            "extra": {
                "branch-alias": {
                    "dev-master": "0.1.x-dev"
                }
            },
            "autoload": {
                "psr-4": {
                    "Protobuf\\": "src/"
                }
            },
            "notification-url": "https://packagist.org/downloads/",
            "license": [
                "MIT"
            ],
            "authors": [
                {
                    "name": "Fabio B. Silva",
                    "email": "fabio.bat.silva@gmail.com",
                    "homepage": "https://github.com/FabioBatSilva"
                },
                {
                    "name": "Iván -DrSlump- Montes",
                    "email": "drslump@pollinimini.net",
                    "homepage": "https://github.com/drslump"
                }
            ],
            "description": "PHP implementation of Google's Protocol Buffers",
            "homepage": "https://github.com/protobuf-php/protobuf",
            "keywords": [
                "protobuf",
                "protocol buffer",
                "serializing"
            ],
            "time": "2016-09-21T23:47:34+00:00"
        },
        {
            "name": "protobuf-php/protobuf-plugin",
            "version": "v0.1.3",
            "source": {
                "type": "git",
                "url": "https://github.com/protobuf-php/protobuf-plugin.git",
                "reference": "cd8d138fd91bc18df1a8812d9448bb3d7dce0996"
            },
            "dist": {
                "type": "zip",
                "url": "https://api.github.com/repos/protobuf-php/protobuf-plugin/zipball/cd8d138fd91bc18df1a8812d9448bb3d7dce0996",
                "reference": "cd8d138fd91bc18df1a8812d9448bb3d7dce0996",
                "shasum": ""
            },
            "require": {
                "doctrine/inflector": "^1.0",
                "php": ">=5.5.0",
                "protobuf-php/google-protobuf-proto": ">=0.1",
                "protobuf-php/protobuf": ">=0.1",
                "psr/log": "^1.0",
                "symfony/console": "^2.5|^3.0",
                "symfony/process": "^2.5|^3.0",
                "zendframework/zend-code": "^2.6"
            },
            "require-dev": {
                "instaclick/coding-standard": "~1.1",
                "instaclick/object-calisthenics-sniffs": "dev-master",
                "instaclick/symfony2-coding-standard": "dev-remaster",
                "mikey179/vfsstream": "~1",
                "php-mock/php-mock-phpunit": "^0.2",
                "phpunit/phpunit": "~4",
                "satooshi/php-coveralls": "~0.6",
                "squizlabs/php_codesniffer": "~1.5"
            },
            "bin": [
                "bin/protobuf"
            ],
            "type": "library",
            "extra": {
                "branch-alias": {
                    "dev-master": "0.1.x-dev"
                }
            },
            "autoload": {
                "psr-4": {
                    "Protobuf\\Compiler\\": "src/"
                }
            },
            "notification-url": "https://packagist.org/downloads/",
            "license": [
                "MIT"
            ],
            "authors": [
                {
                    "name": "Fabio B. Silva",
                    "email": "fabio.bat.silva@gmail.com",
                    "homepage": "https://github.com/FabioBatSilva"
                }
            ],
            "description": "PHP Code generator plugin from Google's Protocol Buffers",
            "homepage": "https://github.com/protobuf-php/protobuf-plugin",
            "keywords": [
                "protobuf",
                "protocol buffer",
                "serializing"
            ],
            "time": "2016-11-03T18:34:52+00:00"
        },
        {
            "name": "psr/log",
            "version": "1.0.2",
            "source": {
                "type": "git",
                "url": "https://github.com/php-fig/log.git",
                "reference": "4ebe3a8bf773a19edfe0a84b6585ba3d401b724d"
            },
            "dist": {
                "type": "zip",
                "url": "https://api.github.com/repos/php-fig/log/zipball/4ebe3a8bf773a19edfe0a84b6585ba3d401b724d",
                "reference": "4ebe3a8bf773a19edfe0a84b6585ba3d401b724d",
                "shasum": ""
            },
            "require": {
                "php": ">=5.3.0"
            },
            "type": "library",
            "extra": {
                "branch-alias": {
                    "dev-master": "1.0.x-dev"
                }
            },
            "autoload": {
                "psr-4": {
                    "Psr\\Log\\": "Psr/Log/"
                }
            },
            "notification-url": "https://packagist.org/downloads/",
            "license": [
                "MIT"
            ],
            "authors": [
                {
                    "name": "PHP-FIG",
                    "homepage": "http://www.php-fig.org/"
                }
            ],
            "description": "Common interface for logging libraries",
            "homepage": "https://github.com/php-fig/log",
            "keywords": [
                "log",
                "psr",
                "psr-3"
            ],
            "time": "2016-10-10T12:19:37+00:00"
        },
        {
            "name": "symfony/console",
            "version": "v3.3.9",
            "source": {
                "type": "git",
                "url": "https://github.com/symfony/console.git",
                "reference": "a1e1b01293a090cb9ae2ddd221a3251a4a7e4abf"
            },
            "dist": {
                "type": "zip",
                "url": "https://api.github.com/repos/symfony/console/zipball/a1e1b01293a090cb9ae2ddd221a3251a4a7e4abf",
                "reference": "a1e1b01293a090cb9ae2ddd221a3251a4a7e4abf",
                "shasum": ""
            },
            "require": {
                "php": "^5.5.9|>=7.0.8",
                "symfony/debug": "~2.8|~3.0",
                "symfony/polyfill-mbstring": "~1.0"
            },
            "conflict": {
                "symfony/dependency-injection": "<3.3"
            },
            "require-dev": {
                "psr/log": "~1.0",
                "symfony/config": "~3.3",
                "symfony/dependency-injection": "~3.3",
                "symfony/event-dispatcher": "~2.8|~3.0",
                "symfony/filesystem": "~2.8|~3.0",
                "symfony/process": "~2.8|~3.0"
            },
            "suggest": {
                "psr/log": "For using the console logger",
                "symfony/event-dispatcher": "",
                "symfony/filesystem": "",
                "symfony/process": ""
            },
            "type": "library",
            "extra": {
                "branch-alias": {
                    "dev-master": "3.3-dev"
                }
            },
            "autoload": {
                "psr-4": {
                    "Symfony\\Component\\Console\\": ""
                },
                "exclude-from-classmap": [
                    "/Tests/"
                ]
            },
            "notification-url": "https://packagist.org/downloads/",
            "license": [
                "MIT"
            ],
            "authors": [
                {
                    "name": "Fabien Potencier",
                    "email": "fabien@symfony.com"
                },
                {
                    "name": "Symfony Community",
                    "homepage": "https://symfony.com/contributors"
                }
            ],
            "description": "Symfony Console Component",
            "homepage": "https://symfony.com",
            "time": "2017-09-06T16:40:18+00:00"
        },
        {
            "name": "symfony/debug",
            "version": "v3.3.9",
            "source": {
                "type": "git",
                "url": "https://github.com/symfony/debug.git",
                "reference": "8beb24eec70b345c313640962df933499373a944"
            },
            "dist": {
                "type": "zip",
                "url": "https://api.github.com/repos/symfony/debug/zipball/8beb24eec70b345c313640962df933499373a944",
                "reference": "8beb24eec70b345c313640962df933499373a944",
                "shasum": ""
            },
            "require": {
                "php": "^5.5.9|>=7.0.8",
                "psr/log": "~1.0"
            },
            "conflict": {
                "symfony/http-kernel": ">=2.3,<2.3.24|~2.4.0|>=2.5,<2.5.9|>=2.6,<2.6.2"
            },
            "require-dev": {
                "symfony/http-kernel": "~2.8|~3.0"
            },
            "type": "library",
            "extra": {
                "branch-alias": {
                    "dev-master": "3.3-dev"
                }
            },
            "autoload": {
                "psr-4": {
                    "Symfony\\Component\\Debug\\": ""
                },
                "exclude-from-classmap": [
                    "/Tests/"
                ]
            },
            "notification-url": "https://packagist.org/downloads/",
            "license": [
                "MIT"
            ],
            "authors": [
                {
                    "name": "Fabien Potencier",
                    "email": "fabien@symfony.com"
                },
                {
                    "name": "Symfony Community",
                    "homepage": "https://symfony.com/contributors"
                }
            ],
            "description": "Symfony Debug Component",
            "homepage": "https://symfony.com",
            "time": "2017-09-01T13:23:39+00:00"
        },
        {
            "name": "symfony/polyfill-mbstring",
            "version": "v1.5.0",
            "source": {
                "type": "git",
                "url": "https://github.com/symfony/polyfill-mbstring.git",
                "reference": "7c8fae0ac1d216eb54349e6a8baa57d515fe8803"
            },
            "dist": {
                "type": "zip",
                "url": "https://api.github.com/repos/symfony/polyfill-mbstring/zipball/7c8fae0ac1d216eb54349e6a8baa57d515fe8803",
                "reference": "7c8fae0ac1d216eb54349e6a8baa57d515fe8803",
                "shasum": ""
            },
            "require": {
                "php": ">=5.3.3"
            },
            "suggest": {
                "ext-mbstring": "For best performance"
            },
            "type": "library",
            "extra": {
                "branch-alias": {
                    "dev-master": "1.5-dev"
                }
            },
            "autoload": {
                "psr-4": {
                    "Symfony\\Polyfill\\Mbstring\\": ""
                },
                "files": [
                    "bootstrap.php"
                ]
            },
            "notification-url": "https://packagist.org/downloads/",
            "license": [
                "MIT"
            ],
            "authors": [
                {
                    "name": "Nicolas Grekas",
                    "email": "p@tchwork.com"
                },
                {
                    "name": "Symfony Community",
                    "homepage": "https://symfony.com/contributors"
                }
            ],
            "description": "Symfony polyfill for the Mbstring extension",
            "homepage": "https://symfony.com",
            "keywords": [
                "compatibility",
                "mbstring",
                "polyfill",
                "portable",
                "shim"
            ],
            "time": "2017-06-14T15:44:48+00:00"
        },
        {
            "name": "symfony/process",
            "version": "v3.3.9",
            "source": {
                "type": "git",
                "url": "https://github.com/symfony/process.git",
                "reference": "b7666e9b438027a1ea0e1ee813ec5042d5d7f6f0"
            },
            "dist": {
                "type": "zip",
                "url": "https://api.github.com/repos/symfony/process/zipball/b7666e9b438027a1ea0e1ee813ec5042d5d7f6f0",
                "reference": "b7666e9b438027a1ea0e1ee813ec5042d5d7f6f0",
                "shasum": ""
            },
            "require": {
                "php": "^5.5.9|>=7.0.8"
            },
            "type": "library",
            "extra": {
                "branch-alias": {
                    "dev-master": "3.3-dev"
                }
            },
            "autoload": {
                "psr-4": {
                    "Symfony\\Component\\Process\\": ""
                },
                "exclude-from-classmap": [
                    "/Tests/"
                ]
            },
            "notification-url": "https://packagist.org/downloads/",
            "license": [
                "MIT"
            ],
            "authors": [
                {
                    "name": "Fabien Potencier",
                    "email": "fabien@symfony.com"
                },
                {
                    "name": "Symfony Community",
                    "homepage": "https://symfony.com/contributors"
                }
            ],
            "description": "Symfony Process Component",
            "homepage": "https://symfony.com",
            "time": "2017-07-29T21:54:42+00:00"
        },
        {
            "name": "zendframework/zend-code",
            "version": "2.6.3",
            "source": {
                "type": "git",
                "url": "https://github.com/zendframework/zend-code.git",
                "reference": "95033f061b083e16cdee60530ec260d7d628b887"
            },
            "dist": {
                "type": "zip",
                "url": "https://api.github.com/repos/zendframework/zend-code/zipball/95033f061b083e16cdee60530ec260d7d628b887",
                "reference": "95033f061b083e16cdee60530ec260d7d628b887",
                "shasum": ""
            },
            "require": {
                "php": "^5.5 || 7.0.0 - 7.0.4 || ^7.0.6",
                "zendframework/zend-eventmanager": "^2.6 || ^3.0"
            },
            "require-dev": {
                "doctrine/annotations": "~1.0",
                "fabpot/php-cs-fixer": "1.7.*",
                "phpunit/phpunit": "^4.8.21",
                "zendframework/zend-stdlib": "^2.7 || ^3.0"
            },
            "suggest": {
                "doctrine/annotations": "Doctrine\\Common\\Annotations >=1.0 for annotation features",
                "zendframework/zend-stdlib": "Zend\\Stdlib component"
            },
            "type": "library",
            "extra": {
                "branch-alias": {
                    "dev-master": "2.6-dev",
                    "dev-develop": "2.7-dev"
                }
            },
            "autoload": {
                "psr-4": {
                    "Zend\\Code\\": "src/"
                }
            },
            "notification-url": "https://packagist.org/downloads/",
            "license": [
                "BSD-3-Clause"
            ],
            "description": "provides facilities to generate arbitrary code using an object oriented interface",
            "homepage": "https://github.com/zendframework/zend-code",
            "keywords": [
                "code",
                "zf2"
            ],
            "time": "2016-04-20T17:26:42+00:00"
        },
        {
            "name": "zendframework/zend-eventmanager",
            "version": "3.2.0",
            "source": {
                "type": "git",
                "url": "https://github.com/zendframework/zend-eventmanager.git",
                "reference": "9d72db10ceb6e42fb92350c0cb54460da61bd79c"
            },
            "dist": {
                "type": "zip",
                "url": "https://api.github.com/repos/zendframework/zend-eventmanager/zipball/9d72db10ceb6e42fb92350c0cb54460da61bd79c",
                "reference": "9d72db10ceb6e42fb92350c0cb54460da61bd79c",
                "shasum": ""
            },
            "require": {
                "php": "^5.6 || ^7.0"
            },
            "require-dev": {
                "athletic/athletic": "^0.1",
                "container-interop/container-interop": "^1.1.0",
                "phpunit/phpunit": "^6.0.7 || ^5.7.14",
                "zendframework/zend-coding-standard": "~1.0.0",
                "zendframework/zend-stdlib": "^2.7.3 || ^3.0"
            },
            "suggest": {
                "container-interop/container-interop": "^1.1.0, to use the lazy listeners feature",
                "zendframework/zend-stdlib": "^2.7.3 || ^3.0, to use the FilterChain feature"
            },
            "type": "library",
            "extra": {
                "branch-alias": {
                    "dev-master": "3.2-dev",
                    "dev-develop": "3.3-dev"
                }
            },
            "autoload": {
                "psr-4": {
                    "Zend\\EventManager\\": "src/"
                }
            },
            "notification-url": "https://packagist.org/downloads/",
            "license": [
                "BSD-3-Clause"
            ],
            "description": "Trigger and listen to events within a PHP application",
            "homepage": "https://github.com/zendframework/zend-eventmanager",
            "keywords": [
                "event",
                "eventmanager",
                "events",
                "zf2"
            ],
            "time": "2017-07-11T19:17:22+00:00"
        }
    ],
    "packages-dev": [
        {
            "name": "nikic/php-parser",
            "version": "v3.1.1",
            "source": {
                "type": "git",
                "url": "https://github.com/nikic/PHP-Parser.git",
                "reference": "a1e8e1a30e1352f118feff1a8481066ddc2f234a"
            },
            "dist": {
                "type": "zip",
                "url": "https://api.github.com/repos/nikic/PHP-Parser/zipball/a1e8e1a30e1352f118feff1a8481066ddc2f234a",
                "reference": "a1e8e1a30e1352f118feff1a8481066ddc2f234a",
                "shasum": ""
            },
            "require": {
                "ext-tokenizer": "*",
                "php": ">=5.5"
            },
            "require-dev": {
                "phpunit/phpunit": "~4.0|~5.0"
            },
            "bin": [
                "bin/php-parse"
            ],
            "type": "library",
            "extra": {
                "branch-alias": {
                    "dev-master": "3.0-dev"
                }
            },
            "autoload": {
                "psr-4": {
                    "PhpParser\\": "lib/PhpParser"
                }
            },
            "notification-url": "https://packagist.org/downloads/",
            "license": [
                "BSD-3-Clause"
            ],
            "authors": [
                {
                    "name": "Nikita Popov"
                }
            ],
            "description": "A PHP parser written in PHP",
            "keywords": [
                "parser",
                "php"
            ],
            "time": "2017-09-02T17:10:46+00:00"
        },
        {
            "name": "phpunit/php-timer",
            "version": "1.0.9",
            "source": {
                "type": "git",
                "url": "https://github.com/sebastianbergmann/php-timer.git",
                "reference": "3dcf38ca72b158baf0bc245e9184d3fdffa9c46f"
            },
            "dist": {
                "type": "zip",
                "url": "https://api.github.com/repos/sebastianbergmann/php-timer/zipball/3dcf38ca72b158baf0bc245e9184d3fdffa9c46f",
                "reference": "3dcf38ca72b158baf0bc245e9184d3fdffa9c46f",
                "shasum": ""
            },
            "require": {
                "php": "^5.3.3 || ^7.0"
            },
            "require-dev": {
                "phpunit/phpunit": "^4.8.35 || ^5.7 || ^6.0"
            },
            "type": "library",
            "extra": {
                "branch-alias": {
                    "dev-master": "1.0-dev"
                }
            },
            "autoload": {
                "classmap": [
                    "src/"
                ]
            },
            "notification-url": "https://packagist.org/downloads/",
            "license": [
                "BSD-3-Clause"
            ],
            "authors": [
                {
                    "name": "Sebastian Bergmann",
                    "email": "sb@sebastian-bergmann.de",
                    "role": "lead"
                }
            ],
            "description": "Utility class for timing",
            "homepage": "https://github.com/sebastianbergmann/php-timer/",
            "keywords": [
                "timer"
            ],
            "time": "2017-02-26T11:10:40+00:00"
        },
        {
            "name": "theseer/directoryscanner",
            "version": "1.3.2",
            "source": {
                "type": "git",
                "url": "https://github.com/theseer/DirectoryScanner.git",
                "reference": "549aa9fdbc47d50365db42d9ade35fdef65f854c"
            },
            "dist": {
                "type": "zip",
                "url": "https://api.github.com/repos/theseer/DirectoryScanner/zipball/549aa9fdbc47d50365db42d9ade35fdef65f854c",
                "reference": "549aa9fdbc47d50365db42d9ade35fdef65f854c",
                "shasum": ""
            },
            "require": {
                "php": ">=5.3.1"
            },
            "type": "library",
            "extra": {
                "branch-alias": {
                    "dev-master": "1.0.x-dev"
                }
            },
            "autoload": {
                "classmap": [
                    "src/"
                ]
            },
            "notification-url": "https://packagist.org/downloads/",
            "license": [
                "BSD-2-Clause"
            ],
            "authors": [
                {
                    "name": "Arne Blankerts",
                    "email": "arne@blankerts.de",
                    "role": "Developer"
                }
            ],
            "description": "A recursive directory scanner and filter",
            "time": "2015-03-24T21:28:20+00:00"
        },
        {
            "name": "theseer/fdomdocument",
            "version": "1.6.6",
            "source": {
                "type": "git",
                "url": "https://github.com/theseer/fDOMDocument.git",
                "reference": "6e8203e40a32a9c770bcb62fe37e68b948da6dca"
            },
            "dist": {
                "type": "zip",
                "url": "https://api.github.com/repos/theseer/fDOMDocument/zipball/6e8203e40a32a9c770bcb62fe37e68b948da6dca",
                "reference": "6e8203e40a32a9c770bcb62fe37e68b948da6dca",
                "shasum": ""
            },
            "require": {
                "ext-dom": "*",
                "lib-libxml": "*",
                "php": ">=5.3.3"
            },
            "type": "library",
            "autoload": {
                "classmap": [
                    "src/"
                ]
            },
            "notification-url": "https://packagist.org/downloads/",
            "license": [
                "BSD-3-Clause"
            ],
            "authors": [
                {
                    "name": "Arne Blankerts",
                    "email": "arne@blankerts.de",
                    "role": "lead"
                }
            ],
            "description": "The classes contained within this repository extend the standard DOM to use exceptions at all occasions of errors instead of PHP warnings or notices. They also add various custom methods and shortcuts for convenience and to simplify the usage of DOM.",
            "homepage": "https://github.com/theseer/fDOMDocument",
            "time": "2017-06-30T11:53:12+00:00"
        },
        {
            "name": "theseer/fxsl",
            "version": "1.1.1",
            "source": {
                "type": "git",
                "url": "https://github.com/theseer/fXSL.git",
                "reference": "a9246376c713156e55c080782d4104bb07d4b899"
            },
            "dist": {
                "type": "zip",
                "url": "https://api.github.com/repos/theseer/fXSL/zipball/a9246376c713156e55c080782d4104bb07d4b899",
                "reference": "a9246376c713156e55c080782d4104bb07d4b899",
                "shasum": ""
            },
            "require": {
                "ext-dom": "*",
                "ext-libxml": "*",
                "ext-xsl": "*",
                "php": ">=5.3.3"
            },
            "type": "library",
            "extra": {
                "branch-alias": {
                    "dev-master": "1.0.x-dev"
                }
            },
            "autoload": {
                "classmap": [
                    "src/"
                ]
            },
            "notification-url": "https://packagist.org/downloads/",
            "license": [
                "BSD-2-Clause"
            ],
            "authors": [
                {
                    "name": "Arne Blankerts",
                    "email": "arne@blankerts.de",
                    "role": "Developer"
                }
            ],
            "description": "An XSL wrapper / extension to the PHP 5.x XSLTProcessor with Exception and extended Callback support",
            "time": "2014-11-27T20:08:52+00:00"
        },
        {
            "name": "theseer/phpdox",
            "version": "0.10.1",
            "source": {
                "type": "git",
                "url": "https://github.com/theseer/phpdox.git",
                "reference": "36756b16fc1c74037cfd6d6384f1f5611067d951"
            },
            "dist": {
                "type": "zip",
                "url": "https://api.github.com/repos/theseer/phpdox/zipball/36756b16fc1c74037cfd6d6384f1f5611067d951",
                "reference": "36756b16fc1c74037cfd6d6384f1f5611067d951",
                "shasum": ""
            },
            "require": {
                "ext-dom": "*",
                "ext-fileinfo": "*",
                "ext-iconv": "*",
                "ext-mbstring": "*",
                "ext-tokenizer": "*",
                "ext-xsl": "*",
                "nikic/php-parser": "^3.0",
                "php": ">=5.5",
                "phpunit/php-timer": "^1.0",
                "theseer/directoryscanner": "^1.3.0",
                "theseer/fdomdocument": "^1.6",
                "theseer/fxsl": "^1.1"
            },
            "bin": [
                "phpdox"
            ],
            "type": "library",
            "autoload": {
                "classmap": [
                    "src/"
                ]
            },
            "notification-url": "https://packagist.org/downloads/",
            "license": [
                "BSD-3-Clause"
            ],
            "authors": [
                {
                    "name": "Arne Blankerts",
                    "email": "arne@blankerts.de",
                    "role": "Developer"
                }
            ],
            "description": "A fast Documentation generator for PHP Code using standard technology (SRC, DOCBLOCK, XML and XSLT) with event based processing",
            "time": "2017-07-02T13:06:28+00:00"
        }
    ],
    "aliases": [],
    "minimum-stability": "stable",
    "stability-flags": [],
    "prefer-stable": false,
    "prefer-lowest": false,
    "platform": [],
    "platform-dev": []
}
